
Microsoft Visual Studio Solution File, Format Version 12.00
# Visual Studio 15
VisualStudioVersion = 15.0.27703.2047
MinimumVisualStudioVersion = 10.0.40219.1
Project("{9A19103F-16F7-4668-BE54-9A1E7A4F7556}") = "CatMash.Web", "CatMash.Web\CatMash.Web.csproj", "{73913C7B-742D-4DFE-8E06-A02325CCF219}"
EndProject
Project("{9A19103F-16F7-4668-BE54-9A1E7A4F7556}") = "EntityMash.Models", "EntityMash.Models\EntityMash.Models.csproj", "{33DA583F-1F63-426F-A5D4-EF787331EA30}"
EndProject
Project("{9A19103F-16F7-4668-BE54-9A1E7A4F7556}") = "EntityMash.Services", "EntityMash.Services\EntityMash.Services.csproj", "{4B26CDC2-6DBE-47BD-B2AF-996FCE05A918}"
EndProject
Project("{9A19103F-16F7-4668-BE54-9A1E7A4F7556}") = "EntityMash.Services.Tests", "EntityMash.Services.Tests\EntityMash.Services.Tests.csproj", "{7BE41AF6-73C2-4029-8DA8-201E27FD57F3}"
EndProject
Project("{9A19103F-16F7-4668-BE54-9A1E7A4F7556}") = "EntityMash.Database", "EntityMash.Database\EntityMash.Database.csproj", "{302D0BD4-DA93-47F2-8306-940BB33ED28B}"
EndProject
Project("{9A19103F-16F7-4668-BE54-9A1E7A4F7556}") = "EntityMash.Console.Utils", "EntityMash.Console.Utils\EntityMash.Console.Utils.csproj", "{4A87B284-2FB6-41F5-909C-87CACBF007CF}"
EndProject
Project("{FAE04EC0-301F-11D3-BF4B-00C04F79EFBC}") = "CatMash.Web.Tests", "CatMash.Web.Tests\CatMash.Web.Tests.csproj", "{15D15D37-3B55-47CB-9339-16880281C421}"
EndProject
Project("{FAE04EC0-301F-11D3-BF4B-00C04F79EFBC}") = "EntityMash.Database.Tests", "EntityMash.Database.Tests\EntityMash.Database.Tests.csproj", "{021BD691-0568-41F0-8603-C11F29ACAAE6}"
EndProject
Global
	GlobalSection(SolutionConfigurationPlatforms) = preSolution
		Debug|Any CPU = Debug|Any CPU
		Release|Any CPU = Release|Any CPU
	EndGlobalSection
	GlobalSection(ProjectConfigurationPlatforms) = postSolution
		{73913C7B-742D-4DFE-8E06-A02325CCF219}.Debug|Any CPU.ActiveCfg = Debug|Any CPU
		{73913C7B-742D-4DFE-8E06-A02325CCF219}.Debug|Any CPU.Build.0 = Debug|Any CPU
		{73913C7B-742D-4DFE-8E06-A02325CCF219}.Release|Any CPU.ActiveCfg = Release|Any CPU
		{73913C7B-742D-4DFE-8E06-A02325CCF219}.Release|Any CPU.Build.0 = Release|Any CPU
		{33DA583F-1F63-426F-A5D4-EF787331EA30}.Debug|Any CPU.ActiveCfg = Debug|Any CPU
		{33DA583F-1F63-426F-A5D4-EF787331EA30}.Debug|Any CPU.Build.0 = Debug|Any CPU
		{33DA583F-1F63-426F-A5D4-EF787331EA30}.Release|Any CPU.ActiveCfg = Release|Any CPU
		{33DA583F-1F63-426F-A5D4-EF787331EA30}.Release|Any CPU.Build.0 = Release|Any CPU
		{4B26CDC2-6DBE-47BD-B2AF-996FCE05A918}.Debug|Any CPU.ActiveCfg = Debug|Any CPU
		{4B26CDC2-6DBE-47BD-B2AF-996FCE05A918}.Debug|Any CPU.Build.0 = Debug|Any CPU
		{4B26CDC2-6DBE-47BD-B2AF-996FCE05A918}.Release|Any CPU.ActiveCfg = Release|Any CPU
		{4B26CDC2-6DBE-47BD-B2AF-996FCE05A918}.Release|Any CPU.Build.0 = Release|Any CPU
		{7BE41AF6-73C2-4029-8DA8-201E27FD57F3}.Debug|Any CPU.ActiveCfg = Debug|Any CPU
		{7BE41AF6-73C2-4029-8DA8-201E27FD57F3}.Debug|Any CPU.Build.0 = Debug|Any CPU
		{7BE41AF6-73C2-4029-8DA8-201E27FD57F3}.Release|Any CPU.ActiveCfg = Release|Any CPU
		{7BE41AF6-73C2-4029-8DA8-201E27FD57F3}.Release|Any CPU.Build.0 = Release|Any CPU
		{302D0BD4-DA93-47F2-8306-940BB33ED28B}.Debug|Any CPU.ActiveCfg = Debug|Any CPU
		{302D0BD4-DA93-47F2-8306-940BB33ED28B}.Debug|Any CPU.Build.0 = Debug|Any CPU
		{302D0BD4-DA93-47F2-8306-940BB33ED28B}.Release|Any CPU.ActiveCfg = Release|Any CPU
		{302D0BD4-DA93-47F2-8306-940BB33ED28B}.Release|Any CPU.Build.0 = Release|Any CPU
		{4A87B284-2FB6-41F5-909C-87CACBF007CF}.Debug|Any CPU.ActiveCfg = Debug|Any CPU
		{4A87B284-2FB6-41F5-909C-87CACBF007CF}.Debug|Any CPU.Build.0 = Debug|Any CPU
		{4A87B284-2FB6-41F5-909C-87CACBF007CF}.Release|Any CPU.ActiveCfg = Release|Any CPU
		{4A87B284-2FB6-41F5-909C-87CACBF007CF}.Release|Any CPU.Build.0 = Release|Any CPU
		{15D15D37-3B55-47CB-9339-16880281C421}.Debug|Any CPU.ActiveCfg = Debug|Any CPU
		{15D15D37-3B55-47CB-9339-16880281C421}.Debug|Any CPU.Build.0 = Debug|Any CPU
		{15D15D37-3B55-47CB-9339-16880281C421}.Release|Any CPU.ActiveCfg = Release|Any CPU
		{15D15D37-3B55-47CB-9339-16880281C421}.Release|Any CPU.Build.0 = Release|Any CPU
		{021BD691-0568-41F0-8603-C11F29ACAAE6}.Debug|Any CPU.ActiveCfg = Debug|Any CPU
		{021BD691-0568-41F0-8603-C11F29ACAAE6}.Debug|Any CPU.Build.0 = Debug|Any CPU
		{021BD691-0568-41F0-8603-C11F29ACAAE6}.Release|Any CPU.ActiveCfg = Release|Any CPU
		{021BD691-0568-41F0-8603-C11F29ACAAE6}.Release|Any CPU.Build.0 = Release|Any CPU
	EndGlobalSection
	GlobalSection(SolutionProperties) = preSolution
		HideSolutionNode = FALSE
	EndGlobalSection
	GlobalSection(ExtensibilityGlobals) = postSolution
		SolutionGuid = {F02FEACF-E526-40B4-81BC-9AA47854DD8D}
	EndGlobalSection
EndGlobal
