
Microsoft Visual Studio Solution File, Format Version 12.00
# Visual Studio 15
VisualStudioVersion = 15.0.27703.2047
MinimumVisualStudioVersion = 10.0.40219.1
Project("{00D1A9C2-B5F0-4AF3-8072-F6C62B433612}") = "CatMash.Database", "EntityMash.Database\CatMash.Database.sqlproj", "{9A05B1E9-4C70-4694-8BE9-32969CC7F75D}"
EndProject
Project("{9A19103F-16F7-4668-BE54-9A1E7A4F7556}") = "CatMash.Web", "CatMash.Web\CatMash.Web.csproj", "{73913C7B-742D-4DFE-8E06-A02325CCF219}"
EndProject
Project("{9A19103F-16F7-4668-BE54-9A1E7A4F7556}") = "EntityMash.Models", "EntityMash.Models\EntityMash.Models.csproj", "{33DA583F-1F63-426F-A5D4-EF787331EA30}"
EndProject
Project("{9A19103F-16F7-4668-BE54-9A1E7A4F7556}") = "EntityMash.Services", "EntityMash.Services\EntityMash.Services.csproj", "{4B26CDC2-6DBE-47BD-B2AF-996FCE05A918}"
EndProject
Project("{9A19103F-16F7-4668-BE54-9A1E7A4F7556}") = "EntityMash.Services.Tests", "EntityMash.Services.Tests\EntityMash.Services.Tests.csproj", "{7BE41AF6-73C2-4029-8DA8-201E27FD57F3}"
EndProject
Global
	GlobalSection(SolutionConfigurationPlatforms) = preSolution
		Debug|Any CPU = Debug|Any CPU
		Release|Any CPU = Release|Any CPU
	EndGlobalSection
	GlobalSection(ProjectConfigurationPlatforms) = postSolution
		{9A05B1E9-4C70-4694-8BE9-32969CC7F75D}.Debug|Any CPU.ActiveCfg = Debug|Any CPU
		{9A05B1E9-4C70-4694-8BE9-32969CC7F75D}.Debug|Any CPU.Build.0 = Debug|Any CPU
		{9A05B1E9-4C70-4694-8BE9-32969CC7F75D}.Debug|Any CPU.Deploy.0 = Debug|Any CPU
		{9A05B1E9-4C70-4694-8BE9-32969CC7F75D}.Release|Any CPU.ActiveCfg = Release|Any CPU
		{9A05B1E9-4C70-4694-8BE9-32969CC7F75D}.Release|Any CPU.Build.0 = Release|Any CPU
		{9A05B1E9-4C70-4694-8BE9-32969CC7F75D}.Release|Any CPU.Deploy.0 = Release|Any CPU
		{73913C7B-742D-4DFE-8E06-A02325CCF219}.Debug|Any CPU.ActiveCfg = Debug|Any CPU
		{73913C7B-742D-4DFE-8E06-A02325CCF219}.Debug|Any CPU.Build.0 = Debug|Any CPU
		{73913C7B-742D-4DFE-8E06-A02325CCF219}.Release|Any CPU.ActiveCfg = Release|Any CPU
		{73913C7B-742D-4DFE-8E06-A02325CCF219}.Release|Any CPU.Build.0 = Release|Any CPU
		{33DA583F-1F63-426F-A5D4-EF787331EA30}.Debug|Any CPU.ActiveCfg = Debug|Any CPU
		{33DA583F-1F63-426F-A5D4-EF787331EA30}.Debug|Any CPU.Build.0 = Debug|Any CPU
		{33DA583F-1F63-426F-A5D4-EF787331EA30}.Release|Any CPU.ActiveCfg = Release|Any CPU
		{33DA583F-1F63-426F-A5D4-EF787331EA30}.Release|Any CPU.Build.0 = Release|Any CPU
		{4B26CDC2-6DBE-47BD-B2AF-996FCE05A918}.Debug|Any CPU.ActiveCfg = Debug|Any CPU
		{4B26CDC2-6DBE-47BD-B2AF-996FCE05A918}.Debug|Any CPU.Build.0 = Debug|Any CPU
		{4B26CDC2-6DBE-47BD-B2AF-996FCE05A918}.Release|Any CPU.ActiveCfg = Release|Any CPU
		{4B26CDC2-6DBE-47BD-B2AF-996FCE05A918}.Release|Any CPU.Build.0 = Release|Any CPU
		{7BE41AF6-73C2-4029-8DA8-201E27FD57F3}.Debug|Any CPU.ActiveCfg = Debug|Any CPU
		{7BE41AF6-73C2-4029-8DA8-201E27FD57F3}.Debug|Any CPU.Build.0 = Debug|Any CPU
		{7BE41AF6-73C2-4029-8DA8-201E27FD57F3}.Release|Any CPU.ActiveCfg = Release|Any CPU
		{7BE41AF6-73C2-4029-8DA8-201E27FD57F3}.Release|Any CPU.Build.0 = Release|Any CPU
	EndGlobalSection
	GlobalSection(SolutionProperties) = preSolution
		HideSolutionNode = FALSE
	EndGlobalSection
	GlobalSection(ExtensibilityGlobals) = postSolution
		SolutionGuid = {F02FEACF-E526-40B4-81BC-9AA47854DD8D}
	EndGlobalSection
EndGlobal
